
Microsoft Visual Studio Solution File, Format Version 12.00
# Visual Studio 15
VisualStudioVersion = 15.0.28307.438
MinimumVisualStudioVersion = 10.0.40219.1
Project("{FAE04EC0-301F-11D3-BF4B-00C04F79EFBC}") = "ClinicSystem.WebApplication", "ClinicSystem.WebApplication\ClinicSystem.WebApplication.csproj", "{81727E12-93AE-43A5-BD2B-58D3E1495625}"
EndProject
Project("{FAE04EC0-301F-11D3-BF4B-00C04F79EFBC}") = "ClinicSystem.Infrastructure", "ClinicSystem.Infrastructure\ClinicSystem.Infrastructure.csproj", "{E790D638-E0B5-4261-862D-1F720A394B9F}"
EndProject
Global
	GlobalSection(SolutionConfigurationPlatforms) = preSolution
		Debug|Any CPU = Debug|Any CPU
		Release|Any CPU = Release|Any CPU
	EndGlobalSection
	GlobalSection(ProjectConfigurationPlatforms) = postSolution
		{81727E12-93AE-43A5-BD2B-58D3E1495625}.Debug|Any CPU.ActiveCfg = Debug|Any CPU
		{81727E12-93AE-43A5-BD2B-58D3E1495625}.Debug|Any CPU.Build.0 = Debug|Any CPU
		{81727E12-93AE-43A5-BD2B-58D3E1495625}.Release|Any CPU.ActiveCfg = Release|Any CPU
		{81727E12-93AE-43A5-BD2B-58D3E1495625}.Release|Any CPU.Build.0 = Release|Any CPU
		{E790D638-E0B5-4261-862D-1F720A394B9F}.Debug|Any CPU.ActiveCfg = Debug|Any CPU
		{E790D638-E0B5-4261-862D-1F720A394B9F}.Debug|Any CPU.Build.0 = Debug|Any CPU
		{E790D638-E0B5-4261-862D-1F720A394B9F}.Release|Any CPU.ActiveCfg = Release|Any CPU
		{E790D638-E0B5-4261-862D-1F720A394B9F}.Release|Any CPU.Build.0 = Release|Any CPU
	EndGlobalSection
	GlobalSection(SolutionProperties) = preSolution
		HideSolutionNode = FALSE
	EndGlobalSection
	GlobalSection(ExtensibilityGlobals) = postSolution
		SolutionGuid = {6D5887C5-A3BF-4CFA-907C-145A2F21F08E}
	EndGlobalSection
EndGlobal
